
Microsoft Visual Studio Solution File, Format Version 12.00
# Visual Studio Version 16
VisualStudioVersion = 16.0.28729.10
MinimumVisualStudioVersion = 10.0.40219.1
Project("{FAE04EC0-301F-11D3-BF4B-00C04F79EFBC}") = "FryProxy.Tests", "FryProxy.Tests\FryProxy.Tests.csproj", "{25D1DEDC-8D2A-4B53-B95C-751CFDFB1565}"
EndProject
Project("{FAE04EC0-301F-11D3-BF4B-00C04F79EFBC}") = "FryProxy.ConsoleApp", "FryProxy.ConsoleApp\FryProxy.ConsoleApp.csproj", "{E47AA965-A231-4557-BF3B-65FCE5A41BF4}"
EndProject
Project("{FAE04EC0-301F-11D3-BF4B-00C04F79EFBC}") = "FryProxy", "FryProxy\FryProxy.csproj", "{81B39424-E72E-4279-97CB-1E88AE62BD27}"
EndProject
Global
	GlobalSection(SolutionConfigurationPlatforms) = preSolution
		Debug|Any CPU = Debug|Any CPU
		Debug|x86 = Debug|x86
		Release|Any CPU = Release|Any CPU
		Release|x86 = Release|x86
	EndGlobalSection
	GlobalSection(ProjectConfigurationPlatforms) = postSolution
		{25D1DEDC-8D2A-4B53-B95C-751CFDFB1565}.Debug|Any CPU.ActiveCfg = Debug|Any CPU
		{25D1DEDC-8D2A-4B53-B95C-751CFDFB1565}.Debug|Any CPU.Build.0 = Debug|Any CPU
		{25D1DEDC-8D2A-4B53-B95C-751CFDFB1565}.Debug|x86.ActiveCfg = Debug|Any CPU
		{25D1DEDC-8D2A-4B53-B95C-751CFDFB1565}.Release|Any CPU.ActiveCfg = Release|Any CPU
		{25D1DEDC-8D2A-4B53-B95C-751CFDFB1565}.Release|Any CPU.Build.0 = Release|Any CPU
		{25D1DEDC-8D2A-4B53-B95C-751CFDFB1565}.Release|x86.ActiveCfg = Release|Any CPU
		{E47AA965-A231-4557-BF3B-65FCE5A41BF4}.Debug|Any CPU.ActiveCfg = Debug|Any CPU
		{E47AA965-A231-4557-BF3B-65FCE5A41BF4}.Debug|Any CPU.Build.0 = Debug|Any CPU
		{E47AA965-A231-4557-BF3B-65FCE5A41BF4}.Debug|x86.ActiveCfg = Debug|Any CPU
		{E47AA965-A231-4557-BF3B-65FCE5A41BF4}.Release|Any CPU.ActiveCfg = Release|Any CPU
		{E47AA965-A231-4557-BF3B-65FCE5A41BF4}.Release|Any CPU.Build.0 = Release|Any CPU
		{E47AA965-A231-4557-BF3B-65FCE5A41BF4}.Release|x86.ActiveCfg = Release|Any CPU
		{81B39424-E72E-4279-97CB-1E88AE62BD27}.Debug|Any CPU.ActiveCfg = Debug|Any CPU
		{81B39424-E72E-4279-97CB-1E88AE62BD27}.Debug|Any CPU.Build.0 = Debug|Any CPU
		{81B39424-E72E-4279-97CB-1E88AE62BD27}.Debug|x86.ActiveCfg = Debug|Any CPU
		{81B39424-E72E-4279-97CB-1E88AE62BD27}.Debug|x86.Build.0 = Debug|Any CPU
		{81B39424-E72E-4279-97CB-1E88AE62BD27}.Release|Any CPU.ActiveCfg = Release|Any CPU
		{81B39424-E72E-4279-97CB-1E88AE62BD27}.Release|Any CPU.Build.0 = Release|Any CPU
		{81B39424-E72E-4279-97CB-1E88AE62BD27}.Release|x86.ActiveCfg = Release|Any CPU
		{81B39424-E72E-4279-97CB-1E88AE62BD27}.Release|x86.Build.0 = Release|Any CPU
	EndGlobalSection
	GlobalSection(SolutionProperties) = preSolution
		HideSolutionNode = FALSE
	EndGlobalSection
	GlobalSection(ExtensibilityGlobals) = postSolution
		SolutionGuid = {08B94CA3-A1BA-482E-8CB4-F3E7E8B9EAA0}
	EndGlobalSection
EndGlobal
